
Microsoft Visual Studio Solution File, Format Version 12.00
# Visual Studio Version 17
VisualStudioVersion = 17.14.36327.8 d17.14
MinimumVisualStudioVersion = 10.0.40219.1
Project("{FAE04EC0-301F-11D3-BF4B-00C04F79EFBC}") = "TimerTizimi.Api", "TimerTizimi.Api\TimerTizimi.Api.csproj", "{7D024162-9C1D-4AEC-A182-A67EB05DE822}"
EndProject
Global
	GlobalSection(SolutionConfigurationPlatforms) = preSolution
		Debug|Any CPU = Debug|Any CPU
		Release|Any CPU = Release|Any CPU
	EndGlobalSection
	GlobalSection(ProjectConfigurationPlatforms) = postSolution
		{7D024162-9C1D-4AEC-A182-A67EB05DE822}.Debug|Any CPU.ActiveCfg = Debug|Any CPU
		{7D024162-9C1D-4AEC-A182-A67EB05DE822}.Debug|Any CPU.Build.0 = Debug|Any CPU
		{7D024162-9C1D-4AEC-A182-A67EB05DE822}.Release|Any CPU.ActiveCfg = Release|Any CPU
		{7D024162-9C1D-4AEC-A182-A67EB05DE822}.Release|Any CPU.Build.0 = Release|Any CPU
	EndGlobalSection
	GlobalSection(SolutionProperties) = preSolution
		HideSolutionNode = FALSE
	EndGlobalSection
	GlobalSection(ExtensibilityGlobals) = postSolution
		SolutionGuid = {09A2BCC6-23FC-4865-B9B6-0EE78EC188D9}
	EndGlobalSection
EndGlobal
